
Microsoft Visual Studio Solution File, Format Version 12.00
# Visual Studio Version 17
VisualStudioVersion = 17.6.33815.320
MinimumVisualStudioVersion = 10.0.40219.1
Project("{FAE04EC0-301F-11D3-BF4B-00C04F79EFBC}") = "StockFeeCalculator", "StockFeeCalculator.csproj", "{580F61CC-072C-450F-80EA-C74C963DDE33}"
EndProject
Global
	GlobalSection(SolutionConfigurationPlatforms) = preSolution
		Debug|Any CPU = Debug|Any CPU
		Release|Any CPU = Release|Any CPU
	EndGlobalSection
	GlobalSection(ProjectConfigurationPlatforms) = postSolution
		{580F61CC-072C-450F-80EA-C74C963DDE33}.Debug|Any CPU.ActiveCfg = Debug|Any CPU
		{580F61CC-072C-450F-80EA-C74C963DDE33}.Debug|Any CPU.Build.0 = Debug|Any CPU
		{580F61CC-072C-450F-80EA-C74C963DDE33}.Release|Any CPU.ActiveCfg = Release|Any CPU
		{580F61CC-072C-450F-80EA-C74C963DDE33}.Release|Any CPU.Build.0 = Release|Any CPU
	EndGlobalSection
	GlobalSection(SolutionProperties) = preSolution
		HideSolutionNode = FALSE
	EndGlobalSection
	GlobalSection(ExtensibilityGlobals) = postSolution
		SolutionGuid = {4529E212-EA5D-467A-9634-C61124FC7C2C}
	EndGlobalSection
EndGlobal
